# THIS IS AN AUTOGENERATED FILE. DO NOT EDIT THIS FILE DIRECTLY.
# yarn lockfile v1


"@openapitools/openapi-generator-cli@^0.0.14-4.0.2":
  version "0.0.14-4.0.2"
  resolved "https://registry.yarnpkg.com/@openapitools/openapi-generator-cli/-/openapi-generator-cli-0.0.14-4.0.2.tgz#244394f7487a7744a267165828d3d5249842d2a7"
  integrity sha512-x4gKaGNgG5Eqt43B4V814Bp0zUBT5h9/K0Tz4oTi5wGy+5sqU5/gElKys0jmM6wvEio2OXJm728BIFuKPuFi5w==
